
Microsoft Visual Studio Solution File, Format Version 12.00
# Visual Studio 15
VisualStudioVersion = 15.0.27703.2047
MinimumVisualStudioVersion = 10.0.40219.1
Project("{FAE04EC0-301F-11D3-BF4B-00C04F79EFBC}") = "ConsoleApp2", "ConsoleApp2\ConsoleApp2.csproj", "{D1088F0E-18EB-4BF7-A32A-FA8556FB6A37}"
EndProject
Global
	GlobalSection(SolutionConfigurationPlatforms) = preSolution
		Debug|Any CPU = Debug|Any CPU
		Release|Any CPU = Release|Any CPU
	EndGlobalSection
	GlobalSection(ProjectConfigurationPlatforms) = postSolution
		{D1088F0E-18EB-4BF7-A32A-FA8556FB6A37}.Debug|Any CPU.ActiveCfg = Debug|Any CPU
		{D1088F0E-18EB-4BF7-A32A-FA8556FB6A37}.Debug|Any CPU.Build.0 = Debug|Any CPU
		{D1088F0E-18EB-4BF7-A32A-FA8556FB6A37}.Release|Any CPU.ActiveCfg = Release|Any CPU
		{D1088F0E-18EB-4BF7-A32A-FA8556FB6A37}.Release|Any CPU.Build.0 = Release|Any CPU
	EndGlobalSection
	GlobalSection(SolutionProperties) = preSolution
		HideSolutionNode = FALSE
	EndGlobalSection
	GlobalSection(ExtensibilityGlobals) = postSolution
		SolutionGuid = {8F201F5E-2638-4EA5-BA3F-8AA55DED2DB9}
	EndGlobalSection
EndGlobal
